<?xml version="1.0" encoding="utf-8"?>
<Project ToolsVersion="4.0" xmlns="http://schemas.microsoft.com/developer/msbuild/2003">
  <ItemGroup>
    <Filter Include="Source Files">
      <UniqueIdentifier>{4FC737F1-C7A5-4376-A066-2A32D752A2FF}</UniqueIdentifier>
      <Extensions>qml;cpp;c;cc;cxx;def;odl;idl;hpj;bat;asm;asmx</Extensions>
    </Filter>
    <Filter Include="Header Files">
      <UniqueIdentifier>{93995380-89BD-4b04-88EB-625FBE52EBFB}</UniqueIdentifier>
      <Extensions>h;hh;hpp;hxx;hm;inl;inc;xsd</Extensions>
    </Filter>
    <Filter Include="Resource Files">
      <UniqueIdentifier>{67DA6AB6-F800-4c08-8B7A-83BB121AAD01}</UniqueIdentifier>
      <Extensions>qrc;rc;ico;cur;bmp;dlg;rc2;rct;bin;rgs;gif;jpg;jpeg;jpe;resx;tiff;tif;png;wav;mfcribbon-ms</Extensions>
    </Filter>
    <Filter Include="Form Files">
      <UniqueIdentifier>{99349809-55BA-4b9d-BF79-8FDBB0286EB3}</UniqueIdentifier>
      <Extensions>ui</Extensions>
    </Filter>
    <Filter Include="Translation Files">
      <UniqueIdentifier>{639EADAA-A684-42e4-A9AD-28FC9BCB8F7C}</UniqueIdentifier>
      <Extensions>ts</Extensions>
    </Filter>
  </ItemGroup>
  <ItemGroup>
    <QtRcc Include="aaa.qrc">
      <Filter>Resource Files</Filter>
    </QtRcc>
    <QtUic Include="aaa.ui">
      <Filter>Form Files</Filter>
    </QtUic>
    <QtMoc Include="aaa.h">
      <Filter>Header Files</Filter>
    </QtMoc>
    <ClCompile Include="aaa.cpp">
      <Filter>Source Files</Filter>
    </ClCompile>
  </ItemGroup>
  <ItemGroup>
    <ClCompile Include="main.cpp">
      <Filter>Source Files</Filter>
    </ClCompile>
    <ClCompile Include="LoadingWidget.cpp">
      <Filter>Source Files</Filter>
    </ClCompile>
    <ClCompile Include="SpotCircle.cpp">
      <Filter>Source Files</Filter>
    </ClCompile>
    <ClCompile Include="SpotsCircle.cpp">
      <Filter>Source Files</Filter>
    </ClCompile>
    <ClCompile Include="LoadingWidgetFactory.cpp">
      <Filter>Source Files</Filter>
    </ClCompile>
    <ClCompile Include="TubeGradiantCircle.cpp">
      <Filter>Source Files</Filter>
    </ClCompile>
    <ClCompile Include="StickCircle.cpp">
      <Filter>Source Files</Filter>
    </ClCompile>
    <ClCompile Include="TextCircle.cpp">
      <Filter>Source Files</Filter>
    </ClCompile>
    <ClCompile Include="SlinkyCircle.cpp">
      <Filter>Source Files</Filter>
    </ClCompile>
    <ClCompile Include="ZoomingBalls.cpp">
      <Filter>Source Files</Filter>
    </ClCompile>
    <ClCompile Include="RippleWave.cpp">
      <Filter>Source Files</Filter>
    </ClCompile>
    <ClCompile Include="TextInBouncingBox.cpp">
      <Filter>Source Files</Filter>
    </ClCompile>
    <ClCompile Include="ExpandingScroll.cpp">
      <Filter>Source Files</Filter>
    </ClCompile>
    <ClCompile Include="ThreeRevolvingBalls.cpp">
      <Filter>Source Files</Filter>
    </ClCompile>
    <ClCompile Include="InfinityLoop.cpp">
      <Filter>Source Files</Filter>
    </ClCompile>
    <ClCompile Include="ThreeMovingZoomingBalls.cpp">
      <Filter>Source Files</Filter>
    </ClCompile>
    <ClCompile Include="FourRotatingFireBall.cpp">
      <Filter>Source Files</Filter>
    </ClCompile>
    <ClCompile Include="Pacman.cpp">
      <Filter>Source Files</Filter>
    </ClCompile>
    <ClCompile Include="PendulumClock.cpp">
      <Filter>Source Files</Filter>
    </ClCompile>
    <ClCompile Include="JellyInBox.cpp">
      <Filter>Source Files</Filter>
    </ClCompile>
    <ClCompile Include="LoopedRingWithText.cpp">
      <Filter>Source Files</Filter>
    </ClCompile>
    <ClCompile Include="Radar.cpp">
      <Filter>Source Files</Filter>
    </ClCompile>
    <ClCompile Include="VolumeBar.cpp">
      <Filter>Source Files</Filter>
    </ClCompile>
    <ClCompile Include="VolumeBarTiny.cpp">
      <Filter>Source Files</Filter>
    </ClCompile>
    <ClCompile Include="FillGlassBead.cpp">
      <Filter>Source Files</Filter>
    </ClCompile>
    <ClCompile Include="Hourglass.cpp">
      <Filter>Source Files</Filter>
    </ClCompile>
    <ClCompile Include="RhombusShift.cpp">
      <Filter>Source Files</Filter>
    </ClCompile>
    <ClCompile Include="TiltingBricks.cpp">
      <Filter>Source Files</Filter>
    </ClCompile>
    <ClCompile Include="TextPoint.cpp">
      <Filter>Source Files</Filter>
    </ClCompile>
  </ItemGroup>
  <ItemGroup>
    <QtMoc Include="LoadingWidget.h">
      <Filter>Header Files</Filter>
    </QtMoc>
    <QtMoc Include="SpotCircle.h">
      <Filter>Header Files</Filter>
    </QtMoc>
    <QtMoc Include="SpotsCircle.h">
      <Filter>Header Files</Filter>
    </QtMoc>
    <QtMoc Include="LoadingWidgetFactory.h">
      <Filter>Header Files</Filter>
    </QtMoc>
    <QtMoc Include="TubeGradiantCircle.h">
      <Filter>Header Files</Filter>
    </QtMoc>
    <QtMoc Include="StickCircle.h">
      <Filter>Header Files</Filter>
    </QtMoc>
    <QtMoc Include="TextCircle.h">
      <Filter>Header Files</Filter>
    </QtMoc>
    <QtMoc Include="SlinkyCircle.h">
      <Filter>Header Files</Filter>
    </QtMoc>
    <QtMoc Include="ZoomingBalls.h">
      <Filter>Header Files</Filter>
    </QtMoc>
    <QtMoc Include="RippleWave.h">
      <Filter>Header Files</Filter>
    </QtMoc>
    <QtMoc Include="TextPoint.h">
      <Filter>Header Files</Filter>
    </QtMoc>
  </ItemGroup>
  <ItemGroup>
    <ClInclude Include="TextInBouncingBox.h">
      <Filter>Header Files</Filter>
    </ClInclude>
    <ClInclude Include="ExpandingScroll.h">
      <Filter>Header Files</Filter>
    </ClInclude>
    <ClInclude Include="ThreeRevolvingBalls.h">
      <Filter>Header Files</Filter>
    </ClInclude>
    <ClInclude Include="InfinityLoop.h">
      <Filter>Header Files</Filter>
    </ClInclude>
    <ClInclude Include="ThreeMovingZoomingBalls.h">
      <Filter>Header Files</Filter>
    </ClInclude>
    <ClInclude Include="FourRotatingFireBall.h">
      <Filter>Header Files</Filter>
    </ClInclude>
    <ClInclude Include="Pacman.h">
      <Filter>Header Files</Filter>
    </ClInclude>
    <ClInclude Include="PendulumClock.h">
      <Filter>Header Files</Filter>
    </ClInclude>
    <ClInclude Include="JellyInBox.h">
      <Filter>Header Files</Filter>
    </ClInclude>
    <ClInclude Include="LoopedRingWithText.h">
      <Filter>Header Files</Filter>
    </ClInclude>
    <ClInclude Include="Radar.h">
      <Filter>Header Files</Filter>
    </ClInclude>
    <ClInclude Include="VolumeBar.h">
      <Filter>Header Files</Filter>
    </ClInclude>
    <ClInclude Include="VolumeBarTiny.h">
      <Filter>Header Files</Filter>
    </ClInclude>
    <ClInclude Include="FillGlassBead.h">
      <Filter>Header Files</Filter>
    </ClInclude>
    <ClInclude Include="Hourglass.h">
      <Filter>Header Files</Filter>
    </ClInclude>
    <ClInclude Include="RhombusShift.h">
      <Filter>Header Files</Filter>
    </ClInclude>
    <ClInclude Include="TiltingBricks.h">
      <Filter>Header Files</Filter>
    </ClInclude>
  </ItemGroup>
  <ItemGroup>
    <QtUic Include="TextPoint.ui">
      <Filter>Form Files</Filter>
    </QtUic>
  </ItemGroup>
</Project>