
Microsoft Visual Studio Solution File, Format Version 12.00
# Visual Studio Version 16
VisualStudioVersion = 16.0.35229.62
MinimumVisualStudioVersion = 10.0.40219.1
Project("{8BC9CEB8-8B4A-11D0-8D11-00A0C91BC942}") = "aaa", "aaa\aaa.vcxproj", "{4AB225AB-63F2-44B2-942E-BB30C58BA304}"
EndProject
Global
	GlobalSection(SolutionConfigurationPlatforms) = preSolution
		Debug|x64 = Debug|x64
		Release|x64 = Release|x64
	EndGlobalSection
	GlobalSection(ProjectConfigurationPlatforms) = postSolution
		{4AB225AB-63F2-44B2-942E-BB30C58BA304}.Debug|x64.ActiveCfg = Debug|x64
		{4AB225AB-63F2-44B2-942E-BB30C58BA304}.Debug|x64.Build.0 = Debug|x64
		{4AB225AB-63F2-44B2-942E-BB30C58BA304}.Release|x64.ActiveCfg = Release|x64
		{4AB225AB-63F2-44B2-942E-BB30C58BA304}.Release|x64.Build.0 = Release|x64
	EndGlobalSection
	GlobalSection(SolutionProperties) = preSolution
		HideSolutionNode = FALSE
	EndGlobalSection
	GlobalSection(ExtensibilityGlobals) = postSolution
		SolutionGuid = {6FAC3F1A-52FC-47C9-A1DE-8B0E442CA372}
	EndGlobalSection
EndGlobal
