
Microsoft Visual Studio Solution File, Format Version 12.00
# Visual Studio Version 17
VisualStudioVersion = 17.11.35312.102
MinimumVisualStudioVersion = 10.0.40219.1
Project("{8BC9CEB8-8B4A-11D0-8D11-00A0C91BC942}") = "Tooltip", "Tooltip\Tooltip.vcxproj", "{ABC131AD-5E7E-4774-A18A-08CDC4740ADF}"
EndProject
Global
	GlobalSection(SolutionConfigurationPlatforms) = preSolution
		Debug|x64 = Debug|x64
		Release|x64 = Release|x64
	EndGlobalSection
	GlobalSection(ProjectConfigurationPlatforms) = postSolution
		{ABC131AD-5E7E-4774-A18A-08CDC4740ADF}.Debug|x64.ActiveCfg = Debug|x64
		{ABC131AD-5E7E-4774-A18A-08CDC4740ADF}.Debug|x64.Build.0 = Debug|x64
		{ABC131AD-5E7E-4774-A18A-08CDC4740ADF}.Release|x64.ActiveCfg = Release|x64
		{ABC131AD-5E7E-4774-A18A-08CDC4740ADF}.Release|x64.Build.0 = Release|x64
	EndGlobalSection
	GlobalSection(SolutionProperties) = preSolution
		HideSolutionNode = FALSE
	EndGlobalSection
	GlobalSection(ExtensibilityGlobals) = postSolution
		SolutionGuid = {3878204D-BFF0-484F-9883-56D51848FF3A}
	EndGlobalSection
EndGlobal
